
Microsoft Visual Studio Solution File, Format Version 12.00
# Visual Studio Version 16
VisualStudioVersion = 16.0.34114.132
MinimumVisualStudioVersion = 10.0.40219.1
Project("{8BC9CEB8-8B4A-11D0-8D11-00A0C91BC942}") = "PianoFromAbove", "PianoFromAbove\PianoFromAbove.vcxproj", "{DD4C822F-844F-40BF-8113-129B04EDE199}"
EndProject
Global
	GlobalSection(SolutionConfigurationPlatforms) = preSolution
		Arinoglish|ARM64 = Arinoglish|ARM64
		Arinoglish|Win32 = Arinoglish|Win32
		Arinoglish|x64 = Arinoglish|x64
		Arinoglish|x86 = Arinoglish|x86
		Chinese|ARM64 = Chinese|ARM64
		Chinese|Win32 = Chinese|Win32
		Chinese|x64 = Chinese|x64
		Chinese|x86 = Chinese|x86
		Debug|ARM64 = Debug|ARM64
		Debug|Win32 = Debug|Win32
		Debug|x64 = Debug|x64
		Debug|x86 = Debug|x86
		DoubleArinoglish|ARM64 = DoubleArinoglish|ARM64
		DoubleArinoglish|Win32 = DoubleArinoglish|Win32
		DoubleArinoglish|x64 = DoubleArinoglish|x64
		DoubleArinoglish|x86 = DoubleArinoglish|x86
		EnforceSoftwareRender|ARM64 = EnforceSoftwareRender|ARM64
		EnforceSoftwareRender|Win32 = EnforceSoftwareRender|Win32
		EnforceSoftwareRender|x64 = EnforceSoftwareRender|x64
		EnforceSoftwareRender|x86 = EnforceSoftwareRender|x86
		Japanese|ARM64 = Japanese|ARM64
		Japanese|Win32 = Japanese|Win32
		Japanese|x64 = Japanese|x64
		Japanese|x86 = Japanese|x86
		Korean|ARM64 = Korean|ARM64
		Korean|Win32 = Korean|Win32
		Korean|x64 = Korean|x64
		Korean|x86 = Korean|x86
		NoOptimization|ARM64 = NoOptimization|ARM64
		NoOptimization|Win32 = NoOptimization|Win32
		NoOptimization|x64 = NoOptimization|x64
		NoOptimization|x86 = NoOptimization|x86
		Release|ARM64 = Release|ARM64
		Release|Win32 = Release|Win32
		Release|x64 = Release|x64
		Release|x86 = Release|x86
		Russian|ARM64 = Russian|ARM64
		Russian|Win32 = Russian|Win32
		Russian|x64 = Russian|x64
		Russian|x86 = Russian|x86
	EndGlobalSection
	GlobalSection(ProjectConfigurationPlatforms) = postSolution
		{DD4C822F-844F-40BF-8113-129B04EDE199}.Arinoglish|ARM64.ActiveCfg = Arinoglish|ARM64
		{DD4C822F-844F-40BF-8113-129B04EDE199}.Arinoglish|ARM64.Build.0 = Arinoglish|ARM64
		{DD4C822F-844F-40BF-8113-129B04EDE199}.Arinoglish|Win32.ActiveCfg = Arinoglish|Win32
		{DD4C822F-844F-40BF-8113-129B04EDE199}.Arinoglish|Win32.Build.0 = Arinoglish|Win32
		{DD4C822F-844F-40BF-8113-129B04EDE199}.Arinoglish|x64.ActiveCfg = Arinoglish|x64
		{DD4C822F-844F-40BF-8113-129B04EDE199}.Arinoglish|x64.Build.0 = Arinoglish|x64
		{DD4C822F-844F-40BF-8113-129B04EDE199}.Arinoglish|x86.ActiveCfg = Arinoglish|Win32
		{DD4C822F-844F-40BF-8113-129B04EDE199}.Arinoglish|x86.Build.0 = Arinoglish|Win32
		{DD4C822F-844F-40BF-8113-129B04EDE199}.Chinese|ARM64.ActiveCfg = Chinese|ARM64
		{DD4C822F-844F-40BF-8113-129B04EDE199}.Chinese|ARM64.Build.0 = Chinese|ARM64
		{DD4C822F-844F-40BF-8113-129B04EDE199}.Chinese|Win32.ActiveCfg = Chinese|Win32
		{DD4C822F-844F-40BF-8113-129B04EDE199}.Chinese|Win32.Build.0 = Chinese|Win32
		{DD4C822F-844F-40BF-8113-129B04EDE199}.Chinese|x64.ActiveCfg = Chinese|x64
		{DD4C822F-844F-40BF-8113-129B04EDE199}.Chinese|x64.Build.0 = Chinese|x64
		{DD4C822F-844F-40BF-8113-129B04EDE199}.Chinese|x86.ActiveCfg = Chinese|Win32
		{DD4C822F-844F-40BF-8113-129B04EDE199}.Chinese|x86.Build.0 = Chinese|Win32
		{DD4C822F-844F-40BF-8113-129B04EDE199}.Debug|ARM64.ActiveCfg = Debug|ARM64
		{DD4C822F-844F-40BF-8113-129B04EDE199}.Debug|ARM64.Build.0 = Debug|ARM64
		{DD4C822F-844F-40BF-8113-129B04EDE199}.Debug|Win32.ActiveCfg = Debug|Win32
		{DD4C822F-844F-40BF-8113-129B04EDE199}.Debug|Win32.Build.0 = Debug|Win32
		{DD4C822F-844F-40BF-8113-129B04EDE199}.Debug|x64.ActiveCfg = Debug|x64
		{DD4C822F-844F-40BF-8113-129B04EDE199}.Debug|x64.Build.0 = Debug|x64
		{DD4C822F-844F-40BF-8113-129B04EDE199}.Debug|x86.ActiveCfg = Debug|Win32
		{DD4C822F-844F-40BF-8113-129B04EDE199}.Debug|x86.Build.0 = Debug|Win32
		{DD4C822F-844F-40BF-8113-129B04EDE199}.DoubleArinoglish|ARM64.ActiveCfg = DoubleArinoglish|ARM64
		{DD4C822F-844F-40BF-8113-129B04EDE199}.DoubleArinoglish|ARM64.Build.0 = DoubleArinoglish|ARM64
		{DD4C822F-844F-40BF-8113-129B04EDE199}.DoubleArinoglish|Win32.ActiveCfg = DoubleArinoglish|Win32
		{DD4C822F-844F-40BF-8113-129B04EDE199}.DoubleArinoglish|Win32.Build.0 = DoubleArinoglish|Win32
		{DD4C822F-844F-40BF-8113-129B04EDE199}.DoubleArinoglish|x64.ActiveCfg = DoubleArinoglish|x64
		{DD4C822F-844F-40BF-8113-129B04EDE199}.DoubleArinoglish|x64.Build.0 = DoubleArinoglish|x64
		{DD4C822F-844F-40BF-8113-129B04EDE199}.DoubleArinoglish|x86.ActiveCfg = DoubleArinoglish|Win32
		{DD4C822F-844F-40BF-8113-129B04EDE199}.DoubleArinoglish|x86.Build.0 = DoubleArinoglish|Win32
		{DD4C822F-844F-40BF-8113-129B04EDE199}.EnforceSoftwareRender|ARM64.ActiveCfg = EnforceSoftwareRender|ARM64
		{DD4C822F-844F-40BF-8113-129B04EDE199}.EnforceSoftwareRender|ARM64.Build.0 = EnforceSoftwareRender|ARM64
		{DD4C822F-844F-40BF-8113-129B04EDE199}.EnforceSoftwareRender|Win32.ActiveCfg = EnforceSoftwareRender|Win32
		{DD4C822F-844F-40BF-8113-129B04EDE199}.EnforceSoftwareRender|Win32.Build.0 = EnforceSoftwareRender|Win32
		{DD4C822F-844F-40BF-8113-129B04EDE199}.EnforceSoftwareRender|x64.ActiveCfg = EnforceSoftwareRender|x64
		{DD4C822F-844F-40BF-8113-129B04EDE199}.EnforceSoftwareRender|x64.Build.0 = EnforceSoftwareRender|x64
		{DD4C822F-844F-40BF-8113-129B04EDE199}.EnforceSoftwareRender|x86.ActiveCfg = EnforceSoftwareRender|Win32
		{DD4C822F-844F-40BF-8113-129B04EDE199}.EnforceSoftwareRender|x86.Build.0 = EnforceSoftwareRender|Win32
		{DD4C822F-844F-40BF-8113-129B04EDE199}.Japanese|ARM64.ActiveCfg = Japanese|ARM64
		{DD4C822F-844F-40BF-8113-129B04EDE199}.Japanese|ARM64.Build.0 = Japanese|ARM64
		{DD4C822F-844F-40BF-8113-129B04EDE199}.Japanese|Win32.ActiveCfg = Japanese|Win32
		{DD4C822F-844F-40BF-8113-129B04EDE199}.Japanese|Win32.Build.0 = Japanese|Win32
		{DD4C822F-844F-40BF-8113-129B04EDE199}.Japanese|x64.ActiveCfg = Japanese|x64
		{DD4C822F-844F-40BF-8113-129B04EDE199}.Japanese|x64.Build.0 = Japanese|x64
		{DD4C822F-844F-40BF-8113-129B04EDE199}.Japanese|x86.ActiveCfg = Japanese|Win32
		{DD4C822F-844F-40BF-8113-129B04EDE199}.Japanese|x86.Build.0 = Japanese|Win32
		{DD4C822F-844F-40BF-8113-129B04EDE199}.Korean|ARM64.ActiveCfg = Korean|ARM64
		{DD4C822F-844F-40BF-8113-129B04EDE199}.Korean|ARM64.Build.0 = Korean|ARM64
		{DD4C822F-844F-40BF-8113-129B04EDE199}.Korean|Win32.ActiveCfg = Korean|Win32
		{DD4C822F-844F-40BF-8113-129B04EDE199}.Korean|Win32.Build.0 = Korean|Win32
		{DD4C822F-844F-40BF-8113-129B04EDE199}.Korean|x64.ActiveCfg = Korean|x64
		{DD4C822F-844F-40BF-8113-129B04EDE199}.Korean|x64.Build.0 = Korean|x64
		{DD4C822F-844F-40BF-8113-129B04EDE199}.Korean|x86.ActiveCfg = Korean|Win32
		{DD4C822F-844F-40BF-8113-129B04EDE199}.Korean|x86.Build.0 = Korean|Win32
		{DD4C822F-844F-40BF-8113-129B04EDE199}.NoOptimization|ARM64.ActiveCfg = NoOptimization|ARM64
		{DD4C822F-844F-40BF-8113-129B04EDE199}.NoOptimization|ARM64.Build.0 = NoOptimization|ARM64
		{DD4C822F-844F-40BF-8113-129B04EDE199}.NoOptimization|Win32.ActiveCfg = NoOptimization|Win32
		{DD4C822F-844F-40BF-8113-129B04EDE199}.NoOptimization|Win32.Build.0 = NoOptimization|Win32
		{DD4C822F-844F-40BF-8113-129B04EDE199}.NoOptimization|x64.ActiveCfg = NoOptimization|x64
		{DD4C822F-844F-40BF-8113-129B04EDE199}.NoOptimization|x64.Build.0 = NoOptimization|x64
		{DD4C822F-844F-40BF-8113-129B04EDE199}.NoOptimization|x86.ActiveCfg = NoOptimization|Win32
		{DD4C822F-844F-40BF-8113-129B04EDE199}.NoOptimization|x86.Build.0 = NoOptimization|Win32
		{DD4C822F-844F-40BF-8113-129B04EDE199}.Release|ARM64.ActiveCfg = Release|ARM64
		{DD4C822F-844F-40BF-8113-129B04EDE199}.Release|ARM64.Build.0 = Release|ARM64
		{DD4C822F-844F-40BF-8113-129B04EDE199}.Release|Win32.ActiveCfg = Release|Win32
		{DD4C822F-844F-40BF-8113-129B04EDE199}.Release|Win32.Build.0 = Release|Win32
		{DD4C822F-844F-40BF-8113-129B04EDE199}.Release|x64.ActiveCfg = Release|x64
		{DD4C822F-844F-40BF-8113-129B04EDE199}.Release|x64.Build.0 = Release|x64
		{DD4C822F-844F-40BF-8113-129B04EDE199}.Release|x86.ActiveCfg = Release|Win32
		{DD4C822F-844F-40BF-8113-129B04EDE199}.Release|x86.Build.0 = Release|Win32
		{DD4C822F-844F-40BF-8113-129B04EDE199}.Russian|ARM64.ActiveCfg = Russian|ARM64
		{DD4C822F-844F-40BF-8113-129B04EDE199}.Russian|ARM64.Build.0 = Russian|ARM64
		{DD4C822F-844F-40BF-8113-129B04EDE199}.Russian|Win32.ActiveCfg = Russian|Win32
		{DD4C822F-844F-40BF-8113-129B04EDE199}.Russian|Win32.Build.0 = Russian|Win32
		{DD4C822F-844F-40BF-8113-129B04EDE199}.Russian|x64.ActiveCfg = Russian|x64
		{DD4C822F-844F-40BF-8113-129B04EDE199}.Russian|x64.Build.0 = Russian|x64
		{DD4C822F-844F-40BF-8113-129B04EDE199}.Russian|x86.ActiveCfg = Russian|Win32
		{DD4C822F-844F-40BF-8113-129B04EDE199}.Russian|x86.Build.0 = Russian|Win32
	EndGlobalSection
	GlobalSection(SolutionProperties) = preSolution
		HideSolutionNode = FALSE
	EndGlobalSection
	GlobalSection(ExtensibilityGlobals) = postSolution
		SolutionGuid = {F7C9E629-1C74-4632-AE74-E926E315B36B}
	EndGlobalSection
EndGlobal
