<?xml version="1.0" encoding="utf-8"?>
<Project ToolsVersion="4.0" xmlns="http://schemas.microsoft.com/developer/msbuild/2003">
  <ItemGroup>
    <Filter Include="Source Files">
      <UniqueIdentifier>{4FC737F1-C7A5-4376-A066-2A32D752A2FF}</UniqueIdentifier>
      <Extensions>cpp;c;cc;cxx;def;odl;idl;hpj;bat;asm;asmx</Extensions>
    </Filter>
    <Filter Include="Header Files">
      <UniqueIdentifier>{93995380-89BD-4b04-88EB-625FBE52EBFB}</UniqueIdentifier>
      <Extensions>h;hpp;hxx;hm;inl;inc;xsd</Extensions>
    </Filter>
    <Filter Include="Resource Files">
      <UniqueIdentifier>{67DA6AB6-F800-4c08-8B7A-83BB121AAD01}</UniqueIdentifier>
      <Extensions>rc;ico;cur;bmp;dlg;rc2;rct;bin;rgs;gif;jpg;jpeg;jpe;resx;tiff;tif;png;wav;mfcribbon-ms</Extensions>
    </Filter>
    <Filter Include="Header Files\Game">
      <UniqueIdentifier>{4621ad7e-4302-43e5-9966-01ff44add568}</UniqueIdentifier>
    </Filter>
    <Filter Include="Header Files\Window">
      <UniqueIdentifier>{0c79002f-13b6-491f-9e9f-49c41620cc26}</UniqueIdentifier>
    </Filter>
    <Filter Include="Header Files\TinyXML">
      <UniqueIdentifier>{28f621df-e589-41be-970e-ea341e164d5b}</UniqueIdentifier>
    </Filter>
    <Filter Include="Source Files\Game">
      <UniqueIdentifier>{f2900634-e42d-4bc1-a684-b46d4fc32d2c}</UniqueIdentifier>
    </Filter>
    <Filter Include="Source Files\TinyXML">
      <UniqueIdentifier>{63c847cc-04fa-43f9-ab47-d46f04e480ae}</UniqueIdentifier>
    </Filter>
    <Filter Include="Source Files\Window">
      <UniqueIdentifier>{a2c7b7ec-66fe-4103-af68-597bbb44e45f}</UniqueIdentifier>
    </Filter>
    <Filter Include="Header Files\lzma">
      <UniqueIdentifier>{bf67d806-6ffe-44c8-8135-b5fd2410d46d}</UniqueIdentifier>
    </Filter>
    <Filter Include="Source Files\Piano-FX Studio">
      <UniqueIdentifier>{86533545-6508-4b8a-8b4e-cb9b55466cf0}</UniqueIdentifier>
    </Filter>
    <Filter Include="Source Files\Piano-FX Studio\Main">
      <UniqueIdentifier>{31d55b7e-15be-4d96-aa29-a3cebd92e35c}</UniqueIdentifier>
    </Filter>
    <Filter Include="Source Files\Piano-FX Studio\Utilities">
      <UniqueIdentifier>{d482b7fd-fb24-4c99-8139-01071fd84d12}</UniqueIdentifier>
    </Filter>
    <Filter Include="Source Files\Piano-FX Studio\TouchEventListeners">
      <UniqueIdentifier>{93b175e2-78cb-40bb-ab46-1854104bc44c}</UniqueIdentifier>
    </Filter>
    <Filter Include="Source Files\Piano-FX Studio\TouchEventListeners\Tab4">
      <UniqueIdentifier>{377d32de-fea0-4f21-b4a4-23f528127226}</UniqueIdentifier>
    </Filter>
    <Filter Include="Source Files\Piano-FX Studio\TouchEventListeners\Tab3">
      <UniqueIdentifier>{31f0fdeb-9904-45bb-a121-c215d5761813}</UniqueIdentifier>
    </Filter>
    <Filter Include="Source Files\Piano-FX Studio\TouchEventListeners\Tab2">
      <UniqueIdentifier>{f5a40076-e970-422f-ad90-be90443fe4b6}</UniqueIdentifier>
    </Filter>
    <Filter Include="Source Files\Piano-FX Studio\TouchEventListeners\Tab1">
      <UniqueIdentifier>{d309e3e2-4f8c-4db0-bbd0-2a72d7640cf7}</UniqueIdentifier>
    </Filter>
    <Filter Include="Source Files\Piano-FX Studio\TouchEventListeners\Tab1\SubViews">
      <UniqueIdentifier>{6370c0cf-b749-45a1-a966-9f8b795d42e8}</UniqueIdentifier>
    </Filter>
    <Filter Include="Source Files\Piano-FX Studio\Graphics">
      <UniqueIdentifier>{9115e826-5452-48b4-88a3-36f981cad17d}</UniqueIdentifier>
    </Filter>
    <Filter Include="Source Files\Piano-FX Studio\TouchEventListeners\Tab2\SubViews">
      <UniqueIdentifier>{130a82ba-8795-4783-b2fd-9bcd2ffc8be8}</UniqueIdentifier>
    </Filter>
    <Filter Include="Source Files\Piano-FX Studio\TouchEventListeners\Tab3\SubViews">
      <UniqueIdentifier>{28487e42-69de-4a38-ad6c-7152eaca4bd3}</UniqueIdentifier>
    </Filter>
    <Filter Include="Source Files\Piano-FX Studio\TouchEventListeners\Tab4\SubViews">
      <UniqueIdentifier>{e2e3d992-d0ab-41eb-ac10-064799d7f2ac}</UniqueIdentifier>
    </Filter>
    <Filter Include="Source Files\Piano-FX Studio\Tutorials">
      <UniqueIdentifier>{7facbf6c-e561-4c89-ba21-667e99dfa124}</UniqueIdentifier>
    </Filter>
    <Filter Include="Source Files\ModdingRelated">
      <UniqueIdentifier>{fbf827eb-31a6-4d4b-a72b-c601b6ddc8bb}</UniqueIdentifier>
    </Filter>
    <Filter Include="Generated Files %28DO NOT EDIT!%29">
      <UniqueIdentifier>{3667f09f-29bf-4e6e-a9ee-eef51fb3d8fd}</UniqueIdentifier>
    </Filter>
    <Filter Include="Resource Files\Embedded ffmpeg.exe">
      <UniqueIdentifier>{bfb735c4-31ac-4c24-b72e-f60975558e20}</UniqueIdentifier>
    </Filter>
    <Filter Include="Resource Files\LanguagePacks">
      <UniqueIdentifier>{59c079ee-d026-4177-a960-984f15feddf8}</UniqueIdentifier>
    </Filter>
    <Filter Include="Header Files\monocypher">
      <UniqueIdentifier>{7ff0a4ed-b47e-4662-9711-d5faeae04094}</UniqueIdentifier>
    </Filter>
  </ItemGroup>
  <ItemGroup>
    <ClInclude Include="Config.h">
      <Filter>Header Files\Game</Filter>
    </ClInclude>
    <ClInclude Include="GameState.h">
      <Filter>Header Files\Game</Filter>
    </ClInclude>
    <ClInclude Include="MIDI.h">
      <Filter>Header Files\Game</Filter>
    </ClInclude>
    <ClInclude Include="Misc.h">
      <Filter>Header Files\Game</Filter>
    </ClInclude>
    <ClInclude Include="ConfigProcs.h">
      <Filter>Header Files\Window</Filter>
    </ClInclude>
    <ClInclude Include="Globals.h">
      <Filter>Header Files\Window</Filter>
    </ClInclude>
    <ClInclude Include="MainProcs.h">
      <Filter>Header Files\Window</Filter>
    </ClInclude>
    <ClInclude Include="Renderer.h">
      <Filter>Header Files\Game</Filter>
    </ClInclude>
    <ClInclude Include="tinyxml\tinystr.h">
      <Filter>Header Files\TinyXML</Filter>
    </ClInclude>
    <ClInclude Include="tinyxml\tinyxml.h">
      <Filter>Header Files\TinyXML</Filter>
    </ClInclude>
    <ClInclude Include="lzma.h">
      <Filter>Header Files\lzma</Filter>
    </ClInclude>
    <ClInclude Include="lzma\base.h">
      <Filter>Header Files\lzma</Filter>
    </ClInclude>
    <ClInclude Include="lzma\bcj.h">
      <Filter>Header Files\lzma</Filter>
    </ClInclude>
    <ClInclude Include="lzma\block.h">
      <Filter>Header Files\lzma</Filter>
    </ClInclude>
    <ClInclude Include="lzma\check.h">
      <Filter>Header Files\lzma</Filter>
    </ClInclude>
    <ClInclude Include="lzma\container.h">
      <Filter>Header Files\lzma</Filter>
    </ClInclude>
    <ClInclude Include="lzma\delta.h">
      <Filter>Header Files\lzma</Filter>
    </ClInclude>
    <ClInclude Include="lzma\filter.h">
      <Filter>Header Files\lzma</Filter>
    </ClInclude>
    <ClInclude Include="lzma\hardware.h">
      <Filter>Header Files\lzma</Filter>
    </ClInclude>
    <ClInclude Include="lzma\index.h">
      <Filter>Header Files\lzma</Filter>
    </ClInclude>
    <ClInclude Include="lzma\index_hash.h">
      <Filter>Header Files\lzma</Filter>
    </ClInclude>
    <ClInclude Include="lzma\lzma12.h">
      <Filter>Header Files\lzma</Filter>
    </ClInclude>
    <ClInclude Include="lzma\stream_flags.h">
      <Filter>Header Files\lzma</Filter>
    </ClInclude>
    <ClInclude Include="lzma\version.h">
      <Filter>Header Files\lzma</Filter>
    </ClInclude>
    <ClInclude Include="lzma\vli.h">
      <Filter>Header Files\lzma</Filter>
    </ClInclude>
    <ClInclude Include="Studio.h">
      <Filter>Source Files\Piano-FX Studio\Main</Filter>
    </ClInclude>
    <ClInclude Include="PFXSTUDIO_Global_Imports.h">
      <Filter>Source Files\Piano-FX Studio\Utilities</Filter>
    </ClInclude>
    <ClInclude Include="ConsoleSetupScript.h">
      <Filter>Source Files\Piano-FX Studio\Utilities</Filter>
    </ClInclude>
    <ClInclude Include="CloseBtn.h">
      <Filter>Source Files\Piano-FX Studio\TouchEventListeners</Filter>
    </ClInclude>
    <ClInclude Include="Tab1.h">
      <Filter>Source Files\Piano-FX Studio\TouchEventListeners\Tab1</Filter>
    </ClInclude>
    <ClInclude Include="Tab2.h">
      <Filter>Source Files\Piano-FX Studio\TouchEventListeners\Tab2</Filter>
    </ClInclude>
    <ClInclude Include="TabSwitcher.h">
      <Filter>Source Files\Piano-FX Studio\TouchEventListeners</Filter>
    </ClInclude>
    <ClInclude Include="Tab3.h">
      <Filter>Source Files\Piano-FX Studio\TouchEventListeners\Tab3</Filter>
    </ClInclude>
    <ClInclude Include="Tab4.h">
      <Filter>Source Files\Piano-FX Studio\TouchEventListeners\Tab4</Filter>
    </ClInclude>
    <ClInclude Include="EmbededFilesExtractor.h">
      <Filter>Source Files\Piano-FX Studio\Utilities</Filter>
    </ClInclude>
    <ClInclude Include="TouchEventListener.h">
      <Filter>Source Files\Piano-FX Studio\Utilities</Filter>
    </ClInclude>
    <ClInclude Include="ConsoleTextbox.h">
      <Filter>Source Files\Piano-FX Studio\Utilities</Filter>
    </ClInclude>
    <ClInclude Include="ConsoleFillingTool.h">
      <Filter>Source Files\Piano-FX Studio\Utilities</Filter>
    </ClInclude>
    <ClInclude Include="ConsoleDropdown.h">
      <Filter>Source Files\Piano-FX Studio\Utilities</Filter>
    </ClInclude>
    <ClInclude Include="flpTools.h">
      <Filter>Source Files\Piano-FX Studio\Utilities</Filter>
    </ClInclude>
    <ClInclude Include="Background.h">
      <Filter>Source Files\Piano-FX Studio\Graphics</Filter>
    </ClInclude>
    <ClInclude Include="Tab1Graphics.h">
      <Filter>Source Files\Piano-FX Studio\Graphics</Filter>
    </ClInclude>
    <ClInclude Include="ButtonStateDeclarations.h">
      <Filter>Source Files\Piano-FX Studio\Graphics</Filter>
    </ClInclude>
    <ClInclude Include="ConsoleTransitionTool.h">
      <Filter>Source Files\Piano-FX Studio\Utilities</Filter>
    </ClInclude>
    <ClInclude Include="Tab2Graphics.h">
      <Filter>Source Files\Piano-FX Studio\Graphics</Filter>
    </ClInclude>
    <ClInclude Include="Tab3Graphics.h">
      <Filter>Source Files\Piano-FX Studio\Graphics</Filter>
    </ClInclude>
    <ClInclude Include="Tab4Graphics.h">
      <Filter>Source Files\Piano-FX Studio\Graphics</Filter>
    </ClInclude>
    <ClInclude Include="NullPtrChecker.h">
      <Filter>Source Files\Piano-FX Studio\Utilities</Filter>
    </ClInclude>
    <ClInclude Include="Tutorials.h">
      <Filter>Source Files\Piano-FX Studio\Tutorials</Filter>
    </ClInclude>
    <ClInclude Include="TutorialFramework.h">
      <Filter>Source Files\Piano-FX Studio\Tutorials</Filter>
    </ClInclude>
    <ClInclude Include="CheatEngineTutorial.h">
      <Filter>Source Files\Piano-FX Studio\Tutorials</Filter>
    </ClInclude>
    <ClInclude Include="VisualizePitchBendTutorial.h">
      <Filter>Source Files\Piano-FX Studio\Tutorials</Filter>
    </ClInclude>
    <ClInclude Include="GDITutorial.h">
      <Filter>Source Files\Piano-FX Studio\Tutorials</Filter>
    </ClInclude>
    <ClInclude Include="Tab1Btn2.h">
      <Filter>Source Files\Piano-FX Studio\TouchEventListeners\Tab1\SubViews</Filter>
    </ClInclude>
    <ClInclude Include="Tab2Btn4.h">
      <Filter>Source Files\Piano-FX Studio\TouchEventListeners\Tab2\SubViews</Filter>
    </ClInclude>
    <ClInclude Include="ClipboardTool.h">
      <Filter>Source Files\Piano-FX Studio\Utilities</Filter>
    </ClInclude>
    <ClInclude Include="LuaCode.h">
      <Filter>Source Files\Piano-FX Studio\Utilities</Filter>
    </ClInclude>
    <ClInclude Include="ffmpeg1.h">
      <Filter>Resource Files\Embedded ffmpeg.exe</Filter>
    </ClInclude>
    <ClInclude Include="ffmpeg2.h">
      <Filter>Resource Files\Embedded ffmpeg.exe</Filter>
    </ClInclude>
    <ClInclude Include="ffmpeg3.h">
      <Filter>Resource Files\Embedded ffmpeg.exe</Filter>
    </ClInclude>
    <ClInclude Include="ffmpeg4.h">
      <Filter>Resource Files\Embedded ffmpeg.exe</Filter>
    </ClInclude>
    <ClInclude Include="ffmpeg5.h">
      <Filter>Resource Files\Embedded ffmpeg.exe</Filter>
    </ClInclude>
    <ClInclude Include="ffmpeg6.h">
      <Filter>Resource Files\Embedded ffmpeg.exe</Filter>
    </ClInclude>
    <ClInclude Include="ConsoleNumberSpinner.h">
      <Filter>Source Files\Piano-FX Studio\Utilities</Filter>
    </ClInclude>
    <ClInclude Include="resource.h">
      <Filter>Resource Files</Filter>
    </ClInclude>
    <ClInclude Include="ModdingAPI.h">
      <Filter>Source Files\ModdingRelated</Filter>
    </ClInclude>
    <ClInclude Include="imguiCompressedFont2GDI.h">
      <Filter>Resource Files</Filter>
    </ClInclude>
    <ClInclude Include="Fonts.h">
      <Filter>Resource Files</Filter>
    </ClInclude>
    <ClInclude Include="LanguagePacks.hpp">
      <Filter>Generated Files %28DO NOT EDIT!%29</Filter>
    </ClInclude>
    <ClInclude Include="PackWrapper.hpp">
      <Filter>Generated Files %28DO NOT EDIT!%29</Filter>
    </ClInclude>
    <ClInclude Include="Widths.h">
      <Filter>Generated Files %28DO NOT EDIT!%29</Filter>
    </ClInclude>
    <ClInclude Include="Colorizer.exe.h">
      <Filter>Generated Files %28DO NOT EDIT!%29</Filter>
    </ClInclude>
    <ClInclude Include="PFXGDI.exe.h">
      <Filter>Generated Files %28DO NOT EDIT!%29</Filter>
    </ClInclude>
    <ClInclude Include="RectPixelShader.h">
      <Filter>Generated Files %28DO NOT EDIT!%29</Filter>
    </ClInclude>
    <ClInclude Include="RectVertexShader.h">
      <Filter>Generated Files %28DO NOT EDIT!%29</Filter>
    </ClInclude>
    <ClInclude Include="NotePixelShader.h">
      <Filter>Generated Files %28DO NOT EDIT!%29</Filter>
    </ClInclude>
    <ClInclude Include="NoteVertexShader.h">
      <Filter>Generated Files %28DO NOT EDIT!%29</Filter>
    </ClInclude>
    <ClInclude Include="NoteVertexShaderSameWidth.h">
      <Filter>Generated Files %28DO NOT EDIT!%29</Filter>
    </ClInclude>
    <ClInclude Include="BackgroundPixelShader.h">
      <Filter>Generated Files %28DO NOT EDIT!%29</Filter>
    </ClInclude>
    <ClInclude Include="BackgroundVertexShader.h">
      <Filter>Generated Files %28DO NOT EDIT!%29</Filter>
    </ClInclude>
    <ClInclude Include="Tab1Btn4.h">
      <Filter>Source Files\Piano-FX Studio\TouchEventListeners\Tab1\SubViews</Filter>
    </ClInclude>
    <ClInclude Include="SMF3Intro.h">
      <Filter>Source Files\Piano-FX Studio\Tutorials</Filter>
    </ClInclude>
    <ClInclude Include="Tab1Btn5.h">
      <Filter>Source Files\Piano-FX Studio\TouchEventListeners\Tab1\SubViews</Filter>
    </ClInclude>
    <ClInclude Include="LanguagePacks.h">
      <Filter>Resource Files\LanguagePacks</Filter>
    </ClInclude>
    <ClInclude Include="matrices.h">
      <Filter>Resource Files\LanguagePacks</Filter>
    </ClInclude>
    <ClInclude Include="WidthsWrapper.h">
      <Filter>Resource Files\LanguagePacks</Filter>
    </ClInclude>
    <ClInclude Include="FallbackStrings.h">
      <Filter>Resource Files\LanguagePacks</Filter>
    </ClInclude>
    <ClInclude Include="DebugLanguageOverride.h">
      <Filter>Resource Files\LanguagePacks</Filter>
    </ClInclude>
    <ClInclude Include="PackWrapper.h">
      <Filter>Resource Files\LanguagePacks</Filter>
    </ClInclude>
    <ClInclude Include="FallbackStrings.hpp">
      <Filter>Generated Files %28DO NOT EDIT!%29</Filter>
    </ClInclude>
    <ClInclude Include="monocypher\monocypher.h">
      <Filter>Header Files\monocypher</Filter>
    </ClInclude>
  </ItemGroup>
  <ItemGroup>
    <ClCompile Include="tinyxml\tinystr.cpp">
      <Filter>Source Files\TinyXML</Filter>
    </ClCompile>
    <ClCompile Include="tinyxml\tinyxml.cpp">
      <Filter>Source Files\TinyXML</Filter>
    </ClCompile>
    <ClCompile Include="tinyxml\tinyxmlerror.cpp">
      <Filter>Source Files\TinyXML</Filter>
    </ClCompile>
    <ClCompile Include="tinyxml\tinyxmlparser.cpp">
      <Filter>Source Files\TinyXML</Filter>
    </ClCompile>
    <ClCompile Include="Config.cpp">
      <Filter>Source Files\Game</Filter>
    </ClCompile>
    <ClCompile Include="GameState.cpp">
      <Filter>Source Files\Game</Filter>
    </ClCompile>
    <ClCompile Include="MIDI.cpp">
      <Filter>Source Files\Game</Filter>
    </ClCompile>
    <ClCompile Include="Renderer.cpp">
      <Filter>Source Files\Game</Filter>
    </ClCompile>
    <ClCompile Include="Misc.cpp">
      <Filter>Source Files\Game</Filter>
    </ClCompile>
    <ClCompile Include="PianoFromAbove.cpp">
      <Filter>Source Files\Window</Filter>
    </ClCompile>
    <ClCompile Include="ConfigProcs.cpp">
      <Filter>Source Files\Window</Filter>
    </ClCompile>
    <ClCompile Include="MainProcs.cpp">
      <Filter>Source Files\Window</Filter>
    </ClCompile>
    <ClCompile Include="Studio.cpp">
      <Filter>Source Files\Piano-FX Studio\Main</Filter>
    </ClCompile>
    <ClCompile Include="TabSwitcherMain.h">
      <Filter>Source Files\Piano-FX Studio\TouchEventListeners</Filter>
    </ClCompile>
    <ClCompile Include="Tab4Main.h">
      <Filter>Source Files\Piano-FX Studio\TouchEventListeners\Tab4</Filter>
    </ClCompile>
    <ClCompile Include="Tab3Main.h">
      <Filter>Source Files\Piano-FX Studio\TouchEventListeners\Tab3</Filter>
    </ClCompile>
    <ClCompile Include="Tab2Main.h">
      <Filter>Source Files\Piano-FX Studio\TouchEventListeners\Tab2</Filter>
    </ClCompile>
    <ClCompile Include="Tab1Main.h">
      <Filter>Source Files\Piano-FX Studio\TouchEventListeners\Tab1</Filter>
    </ClCompile>
    <ClCompile Include="TouchEventListenerInit.h">
      <Filter>Source Files\Piano-FX Studio\Utilities</Filter>
    </ClCompile>
    <ClCompile Include="Tutorials.cpp">
      <Filter>Source Files\Piano-FX Studio\Tutorials</Filter>
    </ClCompile>
    <ClCompile Include="TextWidthCalculator.cpp">
      <Filter>Resource Files\LanguagePacks</Filter>
    </ClCompile>
    <ClCompile Include="monocypher\monocypher.c">
      <Filter>Header Files\monocypher</Filter>
    </ClCompile>
  </ItemGroup>
  <ItemGroup>
    <None Include="Images\mediaiconssmall.bmp">
      <Filter>Resource Files</Filter>
    </None>
    <None Include="Images\PFA Icon.ico">
      <Filter>Resource Files</Filter>
    </None>
    <None Include="common.hlsl">
      <Filter>Resource Files</Filter>
    </None>
    <None Include="Images\chase.mid.xz">
      <Filter>Resource Files</Filter>
    </None>
  </ItemGroup>
  <ItemGroup>
    <FxCompile Include="rect_vs.hlsl">
      <Filter>Resource Files</Filter>
    </FxCompile>
    <FxCompile Include="rect_ps.hlsl">
      <Filter>Resource Files</Filter>
    </FxCompile>
    <FxCompile Include="note_vs.hlsl">
      <Filter>Resource Files</Filter>
    </FxCompile>
    <FxCompile Include="note_ps.hlsl">
      <Filter>Resource Files</Filter>
    </FxCompile>
    <FxCompile Include="background_vs.hlsl">
      <Filter>Resource Files</Filter>
    </FxCompile>
    <FxCompile Include="background_ps.hlsl">
      <Filter>Resource Files</Filter>
    </FxCompile>
    <FxCompile Include="note_vs_samewidth.hlsl">
      <Filter>Resource Files</Filter>
    </FxCompile>
  </ItemGroup>
  <ItemGroup>
    <ResourceCompile Include="PianoFromAbove.rc">
      <Filter>Resource Files</Filter>
    </ResourceCompile>
  </ItemGroup>
</Project>